{
  "originHash" : "9a208f88d93e0b86a42f71eed95cb531ca5f6d9af1e7e2a4e8e392f4e2ffe1eb",
  "pins" : [
    {
      "identity" : "alamofire",
      "kind" : "remoteSourceControl",
      "location" : "https://github.com/Alamofire/Alamofire",
      "state" : {
        "revision" : "7be73f6c2b5cd90e40798b06ebd5da8f9f79cf88",
        "version" : "5.11.0"
      }
    },
    {
      "identity" : "purchases-ios-spm",
      "kind" : "remoteSourceControl",
      "location" : "https://github.com/RevenueCat/purchases-ios-spm.git",
      "state" : {
        "revision" : "f066c98d4797189cce93c656b1ad44a6a84ea179",
        "version" : "5.55.2"
      }
    }
  ],
  "version" : 3
}
